
Microsoft Visual Studio Solution File, Format Version 12.00
# Visual Studio Version 16
VisualStudioVersion = 16.0.30611.23
MinimumVisualStudioVersion = 10.0.40219.1
Project("{9A19103F-16F7-4668-BE54-9A1E7A4F7556}") = "app-wpf", "app-wpf\app-wpf.csproj", "{3C3257C7-5D27-4772-A598-3FAEFEBD4370}"
EndProject
Project("{9A19103F-16F7-4668-BE54-9A1E7A4F7556}") = "app-domain", "app-domain\app-domain.csproj", "{D33AC3C3-D9D6-46B1-A2C8-E14C58B4008D}"
EndProject
Global
	GlobalSection(SolutionConfigurationPlatforms) = preSolution
		Debug|Any CPU = Debug|Any CPU
		Release|Any CPU = Release|Any CPU
	EndGlobalSection
	GlobalSection(ProjectConfigurationPlatforms) = postSolution
		{3C3257C7-5D27-4772-A598-3FAEFEBD4370}.Debug|Any CPU.ActiveCfg = Debug|Any CPU
		{3C3257C7-5D27-4772-A598-3FAEFEBD4370}.Debug|Any CPU.Build.0 = Debug|Any CPU
		{3C3257C7-5D27-4772-A598-3FAEFEBD4370}.Release|Any CPU.ActiveCfg = Release|Any CPU
		{3C3257C7-5D27-4772-A598-3FAEFEBD4370}.Release|Any CPU.Build.0 = Release|Any CPU
		{D33AC3C3-D9D6-46B1-A2C8-E14C58B4008D}.Debug|Any CPU.ActiveCfg = Debug|Any CPU
		{D33AC3C3-D9D6-46B1-A2C8-E14C58B4008D}.Debug|Any CPU.Build.0 = Debug|Any CPU
		{D33AC3C3-D9D6-46B1-A2C8-E14C58B4008D}.Release|Any CPU.ActiveCfg = Release|Any CPU
		{D33AC3C3-D9D6-46B1-A2C8-E14C58B4008D}.Release|Any CPU.Build.0 = Release|Any CPU
	EndGlobalSection
	GlobalSection(SolutionProperties) = preSolution
		HideSolutionNode = FALSE
	EndGlobalSection
	GlobalSection(ExtensibilityGlobals) = postSolution
		SolutionGuid = {A08CABB7-27F5-4DA8-AE93-638A65AB0CD2}
	EndGlobalSection
EndGlobal
